// !$*UTF8*$!
{
	archiveVersion = 1;
	classes = {
	};
	objectVersion = 46;
	objects = {

/* Begin PBXBuildFile section */
		142583B81E05F7DC00324D32 /* ImageUploader.swift in Sources */ = {isa = PBXBuildFile; fileRef = 142583B71E05F7DC00324D32 /* ImageUploader.swift */; };
		147917DF1E0370B900727419 /* AppDelegate.swift in Sources */ = {isa = PBXBuildFile; fileRef = 147917DE1E0370B900727419 /* AppDelegate.swift */; };
		147917E41E0370B900727419 /* Main.storyboard in Resources */ = {isa = PBXBuildFile; fileRef = 147917E21E0370B900727419 /* Main.storyboard */; };
		147917E61E0370B900727419 /* Assets.xcassets in Resources */ = {isa = PBXBuildFile; fileRef = 147917E51E0370B900727419 /* Assets.xcassets */; };
		147917E91E0370B900727419 /* LaunchScreen.storyboard in Resources */ = {isa = PBXBuildFile; fileRef = 147917E71E0370B900727419 /* LaunchScreen.storyboard */; };
		147917F71E0373E100727419 /* User.swift in Sources */ = {isa = PBXBuildFile; fileRef = 147917F61E0373E100727419 /* User.swift */; };
		147917F91E03740F00727419 /* FoodItem.swift in Sources */ = {isa = PBXBuildFile; fileRef = 147917F81E03740F00727419 /* FoodItem.swift */; };
		147917FE1E037D5000727419 /* LoginViewController.swift in Sources */ = {isa = PBXBuildFile; fileRef = 147917FD1E037D5000727419 /* LoginViewController.swift */; };
		147918001E037D8400727419 /* PostBranch.storyboard in Resources */ = {isa = PBXBuildFile; fileRef = 147917FF1E037D8400727419 /* PostBranch.storyboard */; };
		147918021E037D8D00727419 /* RequestBranch.storyboard in Resources */ = {isa = PBXBuildFile; fileRef = 147918011E037D8D00727419 /* RequestBranch.storyboard */; };
		147918041E037D9600727419 /* Messages.storyboard in Resources */ = {isa = PBXBuildFile; fileRef = 147918031E037D9600727419 /* Messages.storyboard */; };
		147918061E03916300727419 /* Router.swift in Sources */ = {isa = PBXBuildFile; fileRef = 147918051E03916300727419 /* Router.swift */; };
		147918081E03921000727419 /* CurrentPostsViewController.swift in Sources */ = {isa = PBXBuildFile; fileRef = 147918071E03921000727419 /* CurrentPostsViewController.swift */; };
		7299B2C5B2D9BB35ECC695AB /* Pods_FinalProject.framework in Frameworks */ = {isa = PBXBuildFile; fileRef = 186E945E3D89E6FD855CA3A6 /* Pods_FinalProject.framework */; };
		B063BEE81E039FF800818E7B /* NewPostViewController.swift in Sources */ = {isa = PBXBuildFile; fileRef = B063BEE71E039FF800818E7B /* NewPostViewController.swift */; };
		B063BEEA1E04564600818E7B /* GoogleService-Info.plist in Resources */ = {isa = PBXBuildFile; fileRef = B063BEE91E04564600818E7B /* GoogleService-Info.plist */; };
/* End PBXBuildFile section */

/* Begin PBXFileReference section */
		142583B71E05F7DC00324D32 /* ImageUploader.swift */ = {isa = PBXFileReference; fileEncoding = 4; lastKnownFileType = sourcecode.swift; path = ImageUploader.swift; sourceTree = "<group>"; };
		147917DB1E0370B900727419 /* FinalProject.app */ = {isa = PBXFileReference; explicitFileType = wrapper.application; includeInIndex = 0; path = FinalProject.app; sourceTree = BUILT_PRODUCTS_DIR; };
		147917DE1E0370B900727419 /* AppDelegate.swift */ = {isa = PBXFileReference; lastKnownFileType = sourcecode.swift; path = AppDelegate.swift; sourceTree = "<group>"; };
		147917E31E0370B900727419 /* Base */ = {isa = PBXFileReference; lastKnownFileType = file.storyboard; name = Base; path = Base.lproj/Main.storyboard; sourceTree = "<group>"; };
		147917E51E0370B900727419 /* Assets.xcassets */ = {isa = PBXFileReference; lastKnownFileType = folder.assetcatalog; path = Assets.xcassets; sourceTree = "<group>"; };
		147917E81E0370B900727419 /* Base */ = {isa = PBXFileReference; lastKnownFileType = file.storyboard; name = Base; path = Base.lproj/LaunchScreen.storyboard; sourceTree = "<group>"; };
		147917EA1E0370B900727419 /* Info.plist */ = {isa = PBXFileReference; lastKnownFileType = text.plist.xml; path = Info.plist; sourceTree = "<group>"; };
		147917F61E0373E100727419 /* User.swift */ = {isa = PBXFileReference; fileEncoding = 4; lastKnownFileType = sourcecode.swift; path = User.swift; sourceTree = "<group>"; };
		147917F81E03740F00727419 /* FoodItem.swift */ = {isa = PBXFileReference; fileEncoding = 4; lastKnownFileType = sourcecode.swift; path = FoodItem.swift; sourceTree = "<group>"; };
		147917FD1E037D5000727419 /* LoginViewController.swift */ = {isa = PBXFileReference; fileEncoding = 4; lastKnownFileType = sourcecode.swift; path = LoginViewController.swift; sourceTree = "<group>"; };
		147917FF1E037D8400727419 /* PostBranch.storyboard */ = {isa = PBXFileReference; fileEncoding = 4; lastKnownFileType = file.storyboard; path = PostBranch.storyboard; sourceTree = "<group>"; };
		147918011E037D8D00727419 /* RequestBranch.storyboard */ = {isa = PBXFileReference; fileEncoding = 4; lastKnownFileType = file.storyboard; path = RequestBranch.storyboard; sourceTree = "<group>"; };
		147918031E037D9600727419 /* Messages.storyboard */ = {isa = PBXFileReference; fileEncoding = 4; lastKnownFileType = file.storyboard; path = Messages.storyboard; sourceTree = "<group>"; };
		147918051E03916300727419 /* Router.swift */ = {isa = PBXFileReference; fileEncoding = 4; lastKnownFileType = sourcecode.swift; path = Router.swift; sourceTree = "<group>"; };
		147918071E03921000727419 /* CurrentPostsViewController.swift */ = {isa = PBXFileReference; fileEncoding = 4; lastKnownFileType = sourcecode.swift; path = CurrentPostsViewController.swift; sourceTree = "<group>"; };
		186E945E3D89E6FD855CA3A6 /* Pods_FinalProject.framework */ = {isa = PBXFileReference; explicitFileType = wrapper.framework; includeInIndex = 0; path = Pods_FinalProject.framework; sourceTree = BUILT_PRODUCTS_DIR; };
		9BE9941665BA41DA39C32E28 /* Pods-FinalProject.debug.xcconfig */ = {isa = PBXFileReference; includeInIndex = 1; lastKnownFileType = text.xcconfig; name = "Pods-FinalProject.debug.xcconfig"; path = "Pods/Target Support Files/Pods-FinalProject/Pods-FinalProject.debug.xcconfig"; sourceTree = "<group>"; };
		AD17F6C1EDB8B905E683035C /* Pods-FinalProject.release.xcconfig */ = {isa = PBXFileReference; includeInIndex = 1; lastKnownFileType = text.xcconfig; name = "Pods-FinalProject.release.xcconfig"; path = "Pods/Target Support Files/Pods-FinalProject/Pods-FinalProject.release.xcconfig"; sourceTree = "<group>"; };
		B063BEE71E039FF800818E7B /* NewPostViewController.swift */ = {isa = PBXFileReference; fileEncoding = 4; lastKnownFileType = sourcecode.swift; path = NewPostViewController.swift; sourceTree = "<group>"; };
		B063BEE91E04564600818E7B /* GoogleService-Info.plist */ = {isa = PBXFileReference; fileEncoding = 4; lastKnownFileType = text.plist.xml; path = "GoogleService-Info.plist"; sourceTree = "<group>"; };
/* End PBXFileReference section */

/* Begin PBXFrameworksBuildPhase section */
		147917D81E0370B900727419 /* Frameworks */ = {
			isa = PBXFrameworksBuildPhase;
			buildActionMask = 2147483647;
			files = (
				7299B2C5B2D9BB35ECC695AB /* Pods_FinalProject.framework in Frameworks */,
			);
			runOnlyForDeploymentPostprocessing = 0;
		};
/* End PBXFrameworksBuildPhase section */

/* Begin PBXGroup section */
		147917D21E0370B800727419 = {
			isa = PBXGroup;
			children = (
				147917DD1E0370B900727419 /* FinalProject */,
				147917DC1E0370B900727419 /* Products */,
				F62AA8C9423F818900BCECCF /* Pods */,
				92A7DB6FB43451EB884B003F /* Frameworks */,
			);
			sourceTree = "<group>";
		};
		147917DC1E0370B900727419 /* Products */ = {
			isa = PBXGroup;
			children = (
				147917DB1E0370B900727419 /* FinalProject.app */,
			);
			name = Products;
			sourceTree = "<group>";
		};
		147917DD1E0370B900727419 /* FinalProject */ = {
			isa = PBXGroup;
			children = (
				147917F51E0372EB00727419 /* UI */,
				147917F41E0372EA00727419 /* Views */,
				147917F31E0372E800727419 /* Controllers */,
				147917F01E0372E300727419 /* Models */,
				147917FA1E037B5000727419 /* Assets */,
			);
			path = FinalProject;
			sourceTree = "<group>";
		};
		147917F01E0372E300727419 /* Models */ = {
			isa = PBXGroup;
			children = (
				147917DE1E0370B900727419 /* AppDelegate.swift */,
				147917F61E0373E100727419 /* User.swift */,
				147917F81E03740F00727419 /* FoodItem.swift */,
				147918051E03916300727419 /* Router.swift */,
				142583B71E05F7DC00324D32 /* ImageUploader.swift */,
			);
			name = Models;
			sourceTree = "<group>";
		};
		147917F31E0372E800727419 /* Controllers */ = {
			isa = PBXGroup;
			children = (
				147917FD1E037D5000727419 /* LoginViewController.swift */,
				1479180B1E03922800727419 /* PostBranch */,
				1479180A1E03922600727419 /* RequestBranch */,
				147918091E03922300727419 /* MessangerBranch */,
			);
			name = Controllers;
			sourceTree = "<group>";
		};
		147917F41E0372EA00727419 /* Views */ = {
			isa = PBXGroup;
			children = (
			);
			name = Views;
			sourceTree = "<group>";
		};
		147917F51E0372EB00727419 /* UI */ = {
			isa = PBXGroup;
			children = (
				147917E71E0370B900727419 /* LaunchScreen.storyboard */,
				147917E21E0370B900727419 /* Main.storyboard */,
				147917FF1E037D8400727419 /* PostBranch.storyboard */,
				147918011E037D8D00727419 /* RequestBranch.storyboard */,
				147918031E037D9600727419 /* Messages.storyboard */,
			);
			name = UI;
			sourceTree = "<group>";
		};
		147917FA1E037B5000727419 /* Assets */ = {
			isa = PBXGroup;
			children = (
				B063BEE91E04564600818E7B /* GoogleService-Info.plist */,
				147917E51E0370B900727419 /* Assets.xcassets */,
				147917EA1E0370B900727419 /* Info.plist */,
			);
			name = Assets;
			sourceTree = "<group>";
		};
		147918091E03922300727419 /* MessangerBranch */ = {
			isa = PBXGroup;
			children = (
			);
			name = MessangerBranch;
			sourceTree = "<group>";
		};
		1479180A1E03922600727419 /* RequestBranch */ = {
			isa = PBXGroup;
			children = (
			);
			name = RequestBranch;
			sourceTree = "<group>";
		};
		1479180B1E03922800727419 /* PostBranch */ = {
			isa = PBXGroup;
			children = (
				147918071E03921000727419 /* CurrentPostsViewController.swift */,
				B063BEE71E039FF800818E7B /* NewPostViewController.swift */,
			);
			name = PostBranch;
			sourceTree = "<group>";
		};
		92A7DB6FB43451EB884B003F /* Frameworks */ = {
			isa = PBXGroup;
			children = (
				186E945E3D89E6FD855CA3A6 /* Pods_FinalProject.framework */,
			);
			name = Frameworks;
			sourceTree = "<group>";
		};
		F62AA8C9423F818900BCECCF /* Pods */ = {
			isa = PBXGroup;
			children = (
				9BE9941665BA41DA39C32E28 /* Pods-FinalProject.debug.xcconfig */,
				AD17F6C1EDB8B905E683035C /* Pods-FinalProject.release.xcconfig */,
			);
			name = Pods;
			sourceTree = "<group>";
		};
/* End PBXGroup section */

/* Begin PBXNativeTarget section */
		147917DA1E0370B900727419 /* FinalProject */ = {
			isa = PBXNativeTarget;
			buildConfigurationList = 147917ED1E0370B900727419 /* Build configuration list for PBXNativeTarget "FinalProject" */;
			buildPhases = (
				63FDFB9E5D59B558A6B7F2A5 /* [CP] Check Pods Manifest.lock */,
				147917D71E0370B900727419 /* Sources */,
				147917D81E0370B900727419 /* Frameworks */,
				147917D91E0370B900727419 /* Resources */,
				CF5CF58CC8EF5CD9030BB673 /* [CP] Embed Pods Frameworks */,
				B0AF9674EB79EACEB27868E7 /* [CP] Copy Pods Resources */,
			);
			buildRules = (
			);
			dependencies = (
			);
			name = FinalProject;
			productName = FinalProject;
			productReference = 147917DB1E0370B900727419 /* FinalProject.app */;
			productType = "com.apple.product-type.application";
		};
/* End PBXNativeTarget section */

/* Begin PBXProject section */
		147917D31E0370B800727419 /* Project object */ = {
			isa = PBXProject;
			attributes = {
				LastSwiftUpdateCheck = 0810;
				LastUpgradeCheck = 0810;
				ORGANIZATIONNAME = suvanr;
				TargetAttributes = {
					147917DA1E0370B900727419 = {
						CreatedOnToolsVersion = 8.1;
						DevelopmentTeam = 9NXK8LBV53;
						ProvisioningStyle = Automatic;
					};
				};
			};
			buildConfigurationList = 147917D61E0370B800727419 /* Build configuration list for PBXProject "FinalProject" */;
			compatibilityVersion = "Xcode 3.2";
			developmentRegion = English;
			hasScannedForEncodings = 0;
			knownRegions = (
				en,
				Base,
			);
			mainGroup = 147917D21E0370B800727419;
			productRefGroup = 147917DC1E0370B900727419 /* Products */;
			projectDirPath = "";
			projectRoot = "";
			targets = (
				147917DA1E0370B900727419 /* FinalProject */,
			);
		};
/* End PBXProject section */

/* Begin PBXResourcesBuildPhase section */
		147917D91E0370B900727419 /* Resources */ = {
			isa = PBXResourcesBuildPhase;
			buildActionMask = 2147483647;
			files = (
				147917E91E0370B900727419 /* LaunchScreen.storyboard in Resources */,
				147918021E037D8D00727419 /* RequestBranch.storyboard in Resources */,
				147917E61E0370B900727419 /* Assets.xcassets in Resources */,
				147918041E037D9600727419 /* Messages.storyboard in Resources */,
				147918001E037D8400727419 /* PostBranch.storyboard in Resources */,
				147917E41E0370B900727419 /* Main.storyboard in Resources */,
				B063BEEA1E04564600818E7B /* GoogleService-Info.plist in Resources */,
			);
			runOnlyForDeploymentPostprocessing = 0;
		};
/* End PBXResourcesBuildPhase section */

/* Begin PBXShellScriptBuildPhase section */
		63FDFB9E5D59B558A6B7F2A5 /* [CP] Check Pods Manifest.lock */ = {
			isa = PBXShellScriptBuildPhase;
			buildActionMask = 2147483647;
			files = (
			);
			inputPaths = (
			);
			name = "[CP] Check Pods Manifest.lock";
			outputPaths = (
			);
			runOnlyForDeploymentPostprocessing = 0;
			shellPath = /bin/sh;
			shellScript = "diff \"${PODS_ROOT}/../Podfile.lock\" \"${PODS_ROOT}/Manifest.lock\" > /dev/null\nif [ $? != 0 ] ; then\n    # print error to STDERR\n    echo \"error: The sandbox is not in sync with the Podfile.lock. Run 'pod install' or update your CocoaPods installation.\" >&2\n    exit 1\nfi\n";
			showEnvVarsInLog = 0;
		};
		B0AF9674EB79EACEB27868E7 /* [CP] Copy Pods Resources */ = {
			isa = PBXShellScriptBuildPhase;
			buildActionMask = 2147483647;
			files = (
			);
			inputPaths = (
			);
			name = "[CP] Copy Pods Resources";
			outputPaths = (
			);
			runOnlyForDeploymentPostprocessing = 0;
			shellPath = /bin/sh;
			shellScript = "\"${SRCROOT}/Pods/Target Support Files/Pods-FinalProject/Pods-FinalProject-resources.sh\"\n";
			showEnvVarsInLog = 0;
		};
		CF5CF58CC8EF5CD9030BB673 /* [CP] Embed Pods Frameworks */ = {
			isa = PBXShellScriptBuildPhase;
			buildActionMask = 2147483647;
			files = (
			);
			inputPaths = (
			);
			name = "[CP] Embed Pods Frameworks";
			outputPaths = (
			);
			runOnlyForDeploymentPostprocessing = 0;
			shellPath = /bin/sh;
			shellScript = "\"${SRCROOT}/Pods/Target Support Files/Pods-FinalProject/Pods-FinalProject-frameworks.sh\"\n";
			showEnvVarsInLog = 0;
		};
/* End PBXShellScriptBuildPhase section */

/* Begin PBXSourcesBuildPhase section */
		147917D71E0370B900727419 /* Sources */ = {
			isa = PBXSourcesBuildPhase;
			buildActionMask = 2147483647;
			files = (
				147917F91E03740F00727419 /* FoodItem.swift in Sources */,
				147917DF1E0370B900727419 /* AppDelegate.swift in Sources */,
				147918061E03916300727419 /* Router.swift in Sources */,
				B063BEE81E039FF800818E7B /* NewPostViewController.swift in Sources */,
				147917FE1E037D5000727419 /* LoginViewController.swift in Sources */,
				142583B81E05F7DC00324D32 /* ImageUploader.swift in Sources */,
				147918081E03921000727419 /* CurrentPostsViewController.swift in Sources */,
				147917F71E0373E100727419 /* User.swift in Sources */,
			);
			runOnlyForDeploymentPostprocessing = 0;
		};
/* End PBXSourcesBuildPhase section */

/* Begin PBXVariantGroup section */
		147917E21E0370B900727419 /* Main.storyboard */ = {
			isa = PBXVariantGroup;
			children = (
				147917E31E0370B900727419 /* Base */,
			);
			name = Main.storyboard;
			sourceTree = "<group>";
		};
		147917E71E0370B900727419 /* LaunchScreen.storyboard */ = {
			isa = PBXVariantGroup;
			children = (
				147917E81E0370B900727419 /* Base */,
			);
			name = LaunchScreen.storyboard;
			sourceTree = "<group>";
		};
/* End PBXVariantGroup section */

/* Begin XCBuildConfiguration section */
		147917EB1E0370B900727419 /* Debug */ = {
			isa = XCBuildConfiguration;
			buildSettings = {
				ALWAYS_SEARCH_USER_PATHS = NO;
				CLANG_ANALYZER_NONNULL = YES;
				CLANG_CXX_LANGUAGE_STANDARD = "gnu++0x";
				CLANG_CXX_LIBRARY = "libc++";
				CLANG_ENABLE_MODULES = YES;
				CLANG_ENABLE_OBJC_ARC = YES;
				CLANG_WARN_BOOL_CONVERSION = YES;
				CLANG_WARN_CONSTANT_CONVERSION = YES;
				CLANG_WARN_DIRECT_OBJC_ISA_USAGE = YES_ERROR;
				CLANG_WARN_DOCUMENTATION_COMMENTS = YES;
				CLANG_WARN_EMPTY_BODY = YES;
				CLANG_WARN_ENUM_CONVERSION = YES;
				CLANG_WARN_INFINITE_RECURSION = YES;
				CLANG_WARN_INT_CONVERSION = YES;
				CLANG_WARN_OBJC_ROOT_CLASS = YES_ERROR;
				CLANG_WARN_SUSPICIOUS_MOVES = YES;
				CLANG_WARN_UNREACHABLE_CODE = YES;
				CLANG_WARN__DUPLICATE_METHOD_MATCH = YES;
				"CODE_SIGN_IDENTITY[sdk=iphoneos*]" = "iPhone Developer";
				COPY_PHASE_STRIP = NO;
				DEBUG_INFORMATION_FORMAT = dwarf;
				ENABLE_STRICT_OBJC_MSGSEND = YES;
				ENABLE_TESTABILITY = YES;
				GCC_C_LANGUAGE_STANDARD = gnu99;
				GCC_DYNAMIC_NO_PIC = NO;
				GCC_NO_COMMON_BLOCKS = YES;
				GCC_OPTIMIZATION_LEVEL = 0;
				GCC_PREPROCESSOR_DEFINITIONS = (
					"DEBUG=1",
					"$(inherited)",
				);
				GCC_WARN_64_TO_32_BIT_CONVERSION = YES;
				GCC_WARN_ABOUT_RETURN_TYPE = YES_ERROR;
				GCC_WARN_UNDECLARED_SELECTOR = YES;
				GCC_WARN_UNINITIALIZED_AUTOS = YES_AGGRESSIVE;
				GCC_WARN_UNUSED_FUNCTION = YES;
				GCC_WARN_UNUSED_VARIABLE = YES;
				IPHONEOS_DEPLOYMENT_TARGET = 10.1;
				MTL_ENABLE_DEBUG_INFO = YES;
				ONLY_ACTIVE_ARCH = YES;
				SDKROOT = iphoneos;
				SWIFT_ACTIVE_COMPILATION_CONDITIONS = DEBUG;
				SWIFT_OPTIMIZATION_LEVEL = "-Onone";
				TARGETED_DEVICE_FAMILY = "1,2";
			};
			name = Debug;
		};
		147917EC1E0370B900727419 /* Release */ = {
			isa = XCBuildConfiguration;
			buildSettings = {
				ALWAYS_SEARCH_USER_PATHS = NO;
				CLANG_ANALYZER_NONNULL = YES;
				CLANG_CXX_LANGUAGE_STANDARD = "gnu++0x";
				CLANG_CXX_LIBRARY = "libc++";
				CLANG_ENABLE_MODULES = YES;
				CLANG_ENABLE_OBJC_ARC = YES;
				CLANG_WARN_BOOL_CONVERSION = YES;
				CLANG_WARN_CONSTANT_CONVERSION = YES;
				CLANG_WARN_DIRECT_OBJC_ISA_USAGE = YES_ERROR;
				CLANG_WARN_DOCUMENTATION_COMMENTS = YES;
				CLANG_WARN_EMPTY_BODY = YES;
				CLANG_WARN_ENUM_CONVERSION = YES;
				CLANG_WARN_INFINITE_RECURSION = YES;
				CLANG_WARN_INT_CONVERSION = YES;
				CLANG_WARN_OBJC_ROOT_CLASS = YES_ERROR;
				CLANG_WARN_SUSPICIOUS_MOVES = YES;
				CLANG_WARN_UNREACHABLE_CODE = YES;
				CLANG_WARN__DUPLICATE_METHOD_MATCH = YES;
				"CODE_SIGN_IDENTITY[sdk=iphoneos*]" = "iPhone Developer";
				COPY_PHASE_STRIP = NO;
				DEBUG_INFORMATION_FORMAT = "dwarf-with-dsym";
				ENABLE_NS_ASSERTIONS = NO;
				ENABLE_STRICT_OBJC_MSGSEND = YES;
				GCC_C_LANGUAGE_STANDARD = gnu99;
				GCC_NO_COMMON_BLOCKS = YES;
				GCC_WARN_64_TO_32_BIT_CONVERSION = YES;
				GCC_WARN_ABOUT_RETURN_TYPE = YES_ERROR;
				GCC_WARN_UNDECLARED_SELECTOR = YES;
				GCC_WARN_UNINITIALIZED_AUTOS = YES_AGGRESSIVE;
				GCC_WARN_UNUSED_FUNCTION = YES;
				GCC_WARN_UNUSED_VARIABLE = YES;
				IPHONEOS_DEPLOYMENT_TARGET = 10.1;
				MTL_ENABLE_DEBUG_INFO = NO;
				SDKROOT = iphoneos;
				SWIFT_OPTIMIZATION_LEVEL = "-Owholemodule";
				TARGETED_DEVICE_FAMILY = "1,2";
				VALIDATE_PRODUCT = YES;
			};
			name = Release;
		};
		147917EE1E0370B900727419 /* Debug */ = {
			isa = XCBuildConfiguration;
			baseConfigurationReference = 9BE9941665BA41DA39C32E28 /* Pods-FinalProject.debug.xcconfig */;
			buildSettings = {
				ASSETCATALOG_COMPILER_APPICON_NAME = AppIcon;
				DEVELOPMENT_TEAM = 9NXK8LBV53;
				INFOPLIST_FILE = FinalProject/Info.plist;
				IPHONEOS_DEPLOYMENT_TARGET = 10.0;
				LD_RUNPATH_SEARCH_PATHS = "$(inherited) @executable_path/Frameworks";
				PRODUCT_BUNDLE_IDENTIFIER = com.suvanr.FinalProject;
				PRODUCT_NAME = "$(TARGET_NAME)";
				SWIFT_VERSION = 3.0;
			};
			name = Debug;
		};
		147917EF1E0370B900727419 /* Release */ = {
			isa = XCBuildConfiguration;
			baseConfigurationReference = AD17F6C1EDB8B905E683035C /* Pods-FinalProject.release.xcconfig */;
			buildSettings = {
				ASSETCATALOG_COMPILER_APPICON_NAME = AppIcon;
				DEVELOPMENT_TEAM = 9NXK8LBV53;
				INFOPLIST_FILE = FinalProject/Info.plist;
				IPHONEOS_DEPLOYMENT_TARGET = 10.0;
				LD_RUNPATH_SEARCH_PATHS = "$(inherited) @executable_path/Frameworks";
				PRODUCT_BUNDLE_IDENTIFIER = com.suvanr.FinalProject;
				PRODUCT_NAME = "$(TARGET_NAME)";
				SWIFT_VERSION = 3.0;
			};
			name = Release;
		};
/* End XCBuildConfiguration section */

/* Begin XCConfigurationList section */
		147917D61E0370B800727419 /* Build configuration list for PBXProject "FinalProject" */ = {
			isa = XCConfigurationList;
			buildConfigurations = (
				147917EB1E0370B900727419 /* Debug */,
				147917EC1E0370B900727419 /* Release */,
			);
			defaultConfigurationIsVisible = 0;
			defaultConfigurationName = Release;
		};
		147917ED1E0370B900727419 /* Build configuration list for PBXNativeTarget "FinalProject" */ = {
			isa = XCConfigurationList;
			buildConfigurations = (
				147917EE1E0370B900727419 /* Debug */,
				147917EF1E0370B900727419 /* Release */,
			);
			defaultConfigurationIsVisible = 0;
			defaultConfigurationName = Release;
		};
/* End XCConfigurationList section */
	};
	rootObject = 147917D31E0370B800727419 /* Project object */;
}
